
Microsoft Visual Studio Solution File, Format Version 12.00
# Visual Studio Version 17
VisualStudioVersion = 17.2.32519.379
MinimumVisualStudioVersion = 10.0.40219.1
Project("{FAE04EC0-301F-11D3-BF4B-00C04F79EFBC}") = "todo-manager", "todo-manager\todo-manager.csproj", "{62D753FC-CC88-4EA1-8CB7-7341ABFABBEB}"
EndProject
Global
	GlobalSection(SolutionConfigurationPlatforms) = preSolution
		Debug|Any CPU = Debug|Any CPU
		Release|Any CPU = Release|Any CPU
	EndGlobalSection
	GlobalSection(ProjectConfigurationPlatforms) = postSolution
		{62D753FC-CC88-4EA1-8CB7-7341ABFABBEB}.Debug|Any CPU.ActiveCfg = Debug|Any CPU
		{62D753FC-CC88-4EA1-8CB7-7341ABFABBEB}.Debug|Any CPU.Build.0 = Debug|Any CPU
		{62D753FC-CC88-4EA1-8CB7-7341ABFABBEB}.Release|Any CPU.ActiveCfg = Release|Any CPU
		{62D753FC-CC88-4EA1-8CB7-7341ABFABBEB}.Release|Any CPU.Build.0 = Release|Any CPU
	EndGlobalSection
	GlobalSection(SolutionProperties) = preSolution
		HideSolutionNode = FALSE
	EndGlobalSection
	GlobalSection(ExtensibilityGlobals) = postSolution
		SolutionGuid = {84EAD53C-2354-45D7-8CC4-67044123BF1B}
	EndGlobalSection
EndGlobal
